// !$*UTF8*$!
{
	archiveVersion = 1;
	classes = {
	};
	objectVersion = 77;
	objects = {

/* Begin PBXContainerItemProxy section */
		B21FD7932CEF5849004769E8 /* PBXContainerItemProxy */ = {
			isa = PBXContainerItemProxy;
			containerPortal = B21FD77A2CEF5847004769E8 /* Project object */;
			proxyType = 1;
			remoteGlobalIDString = B21FD7812CEF5847004769E8;
			remoteInfo = catz;
		};
		B21FD79D2CEF5849004769E8 /* PBXContainerItemProxy */ = {
			isa = PBXContainerItemProxy;
			containerPortal = B21FD77A2CEF5847004769E8 /* Project object */;
			proxyType = 1;
			remoteGlobalIDString = B21FD7812CEF5847004769E8;
			remoteInfo = catz;
		};
/* End PBXContainerItemProxy section */

/* Begin PBXFileReference section */
		B21FD7822CEF5847004769E8 /* catz.app */ = {isa = PBXFileReference; explicitFileType = wrapper.application; includeInIndex = 0; path = catz.app; sourceTree = BUILT_PRODUCTS_DIR; };
		B21FD7922CEF5849004769E8 /* catzTests.xctest */ = {isa = PBXFileReference; explicitFileType = wrapper.cfbundle; includeInIndex = 0; path = catzTests.xctest; sourceTree = BUILT_PRODUCTS_DIR; };
		B21FD79C2CEF5849004769E8 /* catzUITests.xctest */ = {isa = PBXFileReference; explicitFileType = wrapper.cfbundle; includeInIndex = 0; path = catzUITests.xctest; sourceTree = BUILT_PRODUCTS_DIR; };
/* End PBXFileReference section */

/* Begin PBXFileSystemSynchronizedRootGroup section */
		B21FD7842CEF5847004769E8 /* catz */ = {
			isa = PBXFileSystemSynchronizedRootGroup;
			path = catz;
			sourceTree = "<group>";
		};
		B21FD7952CEF5849004769E8 /* catzTests */ = {
			isa = PBXFileSystemSynchronizedRootGroup;
			path = catzTests;
			sourceTree = "<group>";
		};
		B21FD79F2CEF5849004769E8 /* catzUITests */ = {
			isa = PBXFileSystemSynchronizedRootGroup;
			path = catzUITests;
			sourceTree = "<group>";
		};
/* End PBXFileSystemSynchronizedRootGroup section */

/* Begin PBXFrameworksBuildPhase section */
		B21FD77F2CEF5847004769E8 /* Frameworks */ = {
			isa = PBXFrameworksBuildPhase;
			buildActionMask = 2147483647;
			files = (
			);
			runOnlyForDeploymentPostprocessing = 0;
		};
		B21FD78F2CEF5849004769E8 /* Frameworks */ = {
			isa = PBXFrameworksBuildPhase;
			buildActionMask = 2147483647;
			files = (
			);
			runOnlyForDeploymentPostprocessing = 0;
		};
		B21FD7992CEF5849004769E8 /* Frameworks */ = {
			isa = PBXFrameworksBuildPhase;
			buildActionMask = 2147483647;
			files = (
			);
			runOnlyForDeploymentPostprocessing = 0;
		};
/* End PBXFrameworksBuildPhase section */

/* Begin PBXGroup section */
		B21FD7792CEF5847004769E8 = {
			isa = PBXGroup;
			children = (
				B21FD7842CEF5847004769E8 /* catz */,
				B21FD7952CEF5849004769E8 /* catzTests */,
				B21FD79F2CEF5849004769E8 /* catzUITests */,
				B21FD7832CEF5847004769E8 /* Products */,
			);
			sourceTree = "<group>";
		};
		B21FD7832CEF5847004769E8 /* Products */ = {
			isa = PBXGroup;
			children = (
				B21FD7822CEF5847004769E8 /* catz.app */,
				B21FD7922CEF5849004769E8 /* catzTests.xctest */,
				B21FD79C2CEF5849004769E8 /* catzUITests.xctest */,
			);
			name = Products;
			sourceTree = "<group>";
		};
/* End PBXGroup section */

/* Begin PBXNativeTarget section */
		B21FD7812CEF5847004769E8 /* catz */ = {
			isa = PBXNativeTarget;
			buildConfigurationList = B21FD7A62CEF584A004769E8 /* Build configuration list for PBXNativeTarget "catz" */;
			buildPhases = (
				B21FD77E2CEF5847004769E8 /* Sources */,
				B21FD77F2CEF5847004769E8 /* Frameworks */,
				B21FD7802CEF5847004769E8 /* Resources */,
			);
			buildRules = (
			);
			dependencies = (
			);
			fileSystemSynchronizedGroups = (
				B21FD7842CEF5847004769E8 /* catz */,
			);
			name = catz;
			packageProductDependencies = (
			);
			productName = catz;
			productReference = B21FD7822CEF5847004769E8 /* catz.app */;
			productType = "com.apple.product-type.application";
		};
		B21FD7912CEF5849004769E8 /* catzTests */ = {
			isa = PBXNativeTarget;
			buildConfigurationList = B21FD7A92CEF584A004769E8 /* Build configuration list for PBXNativeTarget "catzTests" */;
			buildPhases = (
				B21FD78E2CEF5849004769E8 /* Sources */,
				B21FD78F2CEF5849004769E8 /* Frameworks */,
				B21FD7902CEF5849004769E8 /* Resources */,
			);
			buildRules = (
			);
			dependencies = (
				B21FD7942CEF5849004769E8 /* PBXTargetDependency */,
			);
			fileSystemSynchronizedGroups = (
				B21FD7952CEF5849004769E8 /* catzTests */,
			);
			name = catzTests;
			packageProductDependencies = (
			);
			productName = catzTests;
			productReference = B21FD7922CEF5849004769E8 /* catzTests.xctest */;
			productType = "com.apple.product-type.bundle.unit-test";
		};
		B21FD79B2CEF5849004769E8 /* catzUITests */ = {
			isa = PBXNativeTarget;
			buildConfigurationList = B21FD7AC2CEF584A004769E8 /* Build configuration list for PBXNativeTarget "catzUITests" */;
			buildPhases = (
				B21FD7982CEF5849004769E8 /* Sources */,
				B21FD7992CEF5849004769E8 /* Frameworks */,
				B21FD79A2CEF5849004769E8 /* Resources */,
			);
			buildRules = (
			);
			dependencies = (
				B21FD79E2CEF5849004769E8 /* PBXTargetDependency */,
			);
			fileSystemSynchronizedGroups = (
				B21FD79F2CEF5849004769E8 /* catzUITests */,
			);
			name = catzUITests;
			packageProductDependencies = (
			);
			productName = catzUITests;
			productReference = B21FD79C2CEF5849004769E8 /* catzUITests.xctest */;
			productType = "com.apple.product-type.bundle.ui-testing";
		};
/* End PBXNativeTarget section */

/* Begin PBXProject section */
		B21FD77A2CEF5847004769E8 /* Project object */ = {
			isa = PBXProject;
			attributes = {
				BuildIndependentTargetsInParallel = 1;
				LastSwiftUpdateCheck = 1610;
				LastUpgradeCheck = 1610;
				TargetAttributes = {
					B21FD7812CEF5847004769E8 = {
						CreatedOnToolsVersion = 16.1;
					};
					B21FD7912CEF5849004769E8 = {
						CreatedOnToolsVersion = 16.1;
						TestTargetID = B21FD7812CEF5847004769E8;
					};
					B21FD79B2CEF5849004769E8 = {
						CreatedOnToolsVersion = 16.1;
						TestTargetID = B21FD7812CEF5847004769E8;
					};
				};
			};
			buildConfigurationList = B21FD77D2CEF5847004769E8 /* Build configuration list for PBXProject "catz" */;
			developmentRegion = en;
			hasScannedForEncodings = 0;
			knownRegions = (
				en,
				Base,
			);
			mainGroup = B21FD7792CEF5847004769E8;
			minimizedProjectReferenceProxies = 1;
			preferredProjectObjectVersion = 77;
			productRefGroup = B21FD7832CEF5847004769E8 /* Products */;
			projectDirPath = "";
			projectRoot = "";
			targets = (
				B21FD7812CEF5847004769E8 /* catz */,
				B21FD7912CEF5849004769E8 /* catzTests */,
				B21FD79B2CEF5849004769E8 /* catzUITests */,
			);
		};
/* End PBXProject section */

/* Begin PBXResourcesBuildPhase section */
		B21FD7802CEF5847004769E8 /* Resources */ = {
			isa = PBXResourcesBuildPhase;
			buildActionMask = 2147483647;
			files = (
			);
			runOnlyForDeploymentPostprocessing = 0;
		};
		B21FD7902CEF5849004769E8 /* Resources */ = {
			isa = PBXResourcesBuildPhase;
			buildActionMask = 2147483647;
			files = (
			);
			runOnlyForDeploymentPostprocessing = 0;
		};
		B21FD79A2CEF5849004769E8 /* Resources */ = {
			isa = PBXResourcesBuildPhase;
			buildActionMask = 2147483647;
			files = (
			);
			runOnlyForDeploymentPostprocessing = 0;
		};
/* End PBXResourcesBuildPhase section */

/* Begin PBXSourcesBuildPhase section */
		B21FD77E2CEF5847004769E8 /* Sources */ = {
			isa = PBXSourcesBuildPhase;
			buildActionMask = 2147483647;
			files = (
			);
			runOnlyForDeploymentPostprocessing = 0;
		};
		B21FD78E2CEF5849004769E8 /* Sources */ = {
			isa = PBXSourcesBuildPhase;
			buildActionMask = 2147483647;
			files = (
			);
			runOnlyForDeploymentPostprocessing = 0;
		};
		B21FD7982CEF5849004769E8 /* Sources */ = {
			isa = PBXSourcesBuildPhase;
			buildActionMask = 2147483647;
			files = (
			);
			runOnlyForDeploymentPostprocessing = 0;
		};
/* End PBXSourcesBuildPhase section */

/* Begin PBXTargetDependency section */
		B21FD7942CEF5849004769E8 /* PBXTargetDependency */ = {
			isa = PBXTargetDependency;
			target = B21FD7812CEF5847004769E8 /* catz */;
			targetProxy = B21FD7932CEF5849004769E8 /* PBXContainerItemProxy */;
		};
		B21FD79E2CEF5849004769E8 /* PBXTargetDependency */ = {
			isa = PBXTargetDependency;
			target = B21FD7812CEF5847004769E8 /* catz */;
			targetProxy = B21FD79D2CEF5849004769E8 /* PBXContainerItemProxy */;
		};
/* End PBXTargetDependency section */

/* Begin XCBuildConfiguration section */
		B21FD7A42CEF584A004769E8 /* Debug */ = {
			isa = XCBuildConfiguration;
			buildSettings = {
				ALWAYS_SEARCH_USER_PATHS = NO;
				ASSETCATALOG_COMPILER_GENERATE_SWIFT_ASSET_SYMBOL_EXTENSIONS = YES;
				CLANG_ANALYZER_NONNULL = YES;
				CLANG_ANALYZER_NUMBER_OBJECT_CONVERSION = YES_AGGRESSIVE;
				CLANG_CXX_LANGUAGE_STANDARD = "gnu++20";
				CLANG_ENABLE_MODULES = YES;
				CLANG_ENABLE_OBJC_ARC = YES;
				CLANG_ENABLE_OBJC_WEAK = YES;
				CLANG_WARN_BLOCK_CAPTURE_AUTORELEASING = YES;
				CLANG_WARN_BOOL_CONVERSION = YES;
				CLANG_WARN_COMMA = YES;
				CLANG_WARN_CONSTANT_CONVERSION = YES;
				CLANG_WARN_DEPRECATED_OBJC_IMPLEMENTATIONS = YES;
				CLANG_WARN_DIRECT_OBJC_ISA_USAGE = YES_ERROR;
				CLANG_WARN_DOCUMENTATION_COMMENTS = YES;
				CLANG_WARN_EMPTY_BODY = YES;
				CLANG_WARN_ENUM_CONVERSION = YES;
				CLANG_WARN_INFINITE_RECURSION = YES;
				CLANG_WARN_INT_CONVERSION = YES;
				CLANG_WARN_NON_LITERAL_NULL_CONVERSION = YES;
				CLANG_WARN_OBJC_IMPLICIT_RETAIN_SELF = YES;
				CLANG_WARN_OBJC_LITERAL_CONVERSION = YES;
				CLANG_WARN_OBJC_ROOT_CLASS = YES_ERROR;
				CLANG_WARN_QUOTED_INCLUDE_IN_FRAMEWORK_HEADER = YES;
				CLANG_WARN_RANGE_LOOP_ANALYSIS = YES;
				CLANG_WARN_STRICT_PROTOTYPES = YES;
				CLANG_WARN_SUSPICIOUS_MOVE = YES;
				CLANG_WARN_UNGUARDED_AVAILABILITY = YES_AGGRESSIVE;
				CLANG_WARN_UNREACHABLE_CODE = YES;
				CLANG_WARN__DUPLICATE_METHOD_MATCH = YES;
				COPY_PHASE_STRIP = NO;
				DEBUG_INFORMATION_FORMAT = dwarf;
				ENABLE_STRICT_OBJC_MSGSEND = YES;
				ENABLE_TESTABILITY = YES;
				ENABLE_USER_SCRIPT_SANDBOXING = YES;
				GCC_C_LANGUAGE_STANDARD = gnu17;
				GCC_DYNAMIC_NO_PIC = NO;
				GCC_NO_COMMON_BLOCKS = YES;
				GCC_OPTIMIZATION_LEVEL = 0;
				GCC_PREPROCESSOR_DEFINITIONS = (
					"DEBUG=1",
					"$(inherited)",
				);
				GCC_WARN_64_TO_32_BIT_CONVERSION = YES;
				GCC_WARN_ABOUT_RETURN_TYPE = YES_ERROR;
				GCC_WARN_UNDECLARED_SELECTOR = YES;
				GCC_WARN_UNINITIALIZED_AUTOS = YES_AGGRESSIVE;
				GCC_WARN_UNUSED_FUNCTION = YES;
				GCC_WARN_UNUSED_VARIABLE = YES;
				IPHONEOS_DEPLOYMENT_TARGET = 18.1;
				LOCALIZATION_PREFERS_STRING_CATALOGS = YES;
				MTL_ENABLE_DEBUG_INFO = INCLUDE_SOURCE;
				MTL_FAST_MATH = YES;
				ONLY_ACTIVE_ARCH = YES;
				SDKROOT = iphoneos;
				SWIFT_ACTIVE_COMPILATION_CONDITIONS = "DEBUG $(inherited)";
				SWIFT_OPTIMIZATION_LEVEL = "-Onone";
			};
			name = Debug;
		};
		B21FD7A52CEF584A004769E8 /* Release */ = {
			isa = XCBuildConfiguration;
			buildSettings = {
				ALWAYS_SEARCH_USER_PATHS = NO;
				ASSETCATALOG_COMPILER_GENERATE_SWIFT_ASSET_SYMBOL_EXTENSIONS = YES;
				CLANG_ANALYZER_NONNULL = YES;
				CLANG_ANALYZER_NUMBER_OBJECT_CONVERSION = YES_AGGRESSIVE;
				CLANG_CXX_LANGUAGE_STANDARD = "gnu++20";
				CLANG_ENABLE_MODULES = YES;
				CLANG_ENABLE_OBJC_ARC = YES;
				CLANG_ENABLE_OBJC_WEAK = YES;
				CLANG_WARN_BLOCK_CAPTURE_AUTORELEASING = YES;
				CLANG_WARN_BOOL_CONVERSION = YES;
				CLANG_WARN_COMMA = YES;
				CLANG_WARN_CONSTANT_CONVERSION = YES;
				CLANG_WARN_DEPRECATED_OBJC_IMPLEMENTATIONS = YES;
				CLANG_WARN_DIRECT_OBJC_ISA_USAGE = YES_ERROR;
				CLANG_WARN_DOCUMENTATION_COMMENTS = YES;
				CLANG_WARN_EMPTY_BODY = YES;
				CLANG_WARN_ENUM_CONVERSION = YES;
				CLANG_WARN_INFINITE_RECURSION = YES;
				CLANG_WARN_INT_CONVERSION = YES;
				CLANG_WARN_NON_LITERAL_NULL_CONVERSION = YES;
				CLANG_WARN_OBJC_IMPLICIT_RETAIN_SELF = YES;
				CLANG_WARN_OBJC_LITERAL_CONVERSION = YES;
				CLANG_WARN_OBJC_ROOT_CLASS = YES_ERROR;
				CLANG_WARN_QUOTED_INCLUDE_IN_FRAMEWORK_HEADER = YES;
				CLANG_WARN_RANGE_LOOP_ANALYSIS = YES;
				CLANG_WARN_STRICT_PROTOTYPES = YES;
				CLANG_WARN_SUSPICIOUS_MOVE = YES;
				CLANG_WARN_UNGUARDED_AVAILABILITY = YES_AGGRESSIVE;
				CLANG_WARN_UNREACHABLE_CODE = YES;
				CLANG_WARN__DUPLICATE_METHOD_MATCH = YES;
				COPY_PHASE_STRIP = NO;
				DEBUG_INFORMATION_FORMAT = "dwarf-with-dsym";
				ENABLE_NS_ASSERTIONS = NO;
				ENABLE_STRICT_OBJC_MSGSEND = YES;
				ENABLE_USER_SCRIPT_SANDBOXING = YES;
				GCC_C_LANGUAGE_STANDARD = gnu17;
				GCC_NO_COMMON_BLOCKS = YES;
				GCC_WARN_64_TO_32_BIT_CONVERSION = YES;
				GCC_WARN_ABOUT_RETURN_TYPE = YES_ERROR;
				GCC_WARN_UNDECLARED_SELECTOR = YES;
				GCC_WARN_UNINITIALIZED_AUTOS = YES_AGGRESSIVE;
				GCC_WARN_UNUSED_FUNCTION = YES;
				GCC_WARN_UNUSED_VARIABLE = YES;
				IPHONEOS_DEPLOYMENT_TARGET = 18.1;
				LOCALIZATION_PREFERS_STRING_CATALOGS = YES;
				MTL_ENABLE_DEBUG_INFO = NO;
				MTL_FAST_MATH = YES;
				SDKROOT = iphoneos;
				SWIFT_COMPILATION_MODE = wholemodule;
				VALIDATE_PRODUCT = YES;
			};
			name = Release;
		};
		B21FD7A72CEF584A004769E8 /* Debug */ = {
			isa = XCBuildConfiguration;
			buildSettings = {
				ASSETCATALOG_COMPILER_APPICON_NAME = AppIcon;
				ASSETCATALOG_COMPILER_GLOBAL_ACCENT_COLOR_NAME = AccentColor;
				CODE_SIGN_STYLE = Automatic;
				CURRENT_PROJECT_VERSION = 1;
				DEVELOPMENT_ASSET_PATHS = "\"catz/Preview Content\"";
				DEVELOPMENT_TEAM = Z32X4BUJ38;
				ENABLE_PREVIEWS = YES;
				GENERATE_INFOPLIST_FILE = YES;
				INFOPLIST_KEY_UIApplicationSceneManifest_Generation = YES;
				INFOPLIST_KEY_UIApplicationSupportsIndirectInputEvents = YES;
				INFOPLIST_KEY_UILaunchScreen_Generation = YES;
				INFOPLIST_KEY_UISupportedInterfaceOrientations_iPad = "UIInterfaceOrientationPortrait UIInterfaceOrientationPortraitUpsideDown UIInterfaceOrientationLandscapeLeft UIInterfaceOrientationLandscapeRight";
				INFOPLIST_KEY_UISupportedInterfaceOrientations_iPhone = "UIInterfaceOrientationPortrait UIInterfaceOrientationLandscapeLeft UIInterfaceOrientationLandscapeRight";
				LD_RUNPATH_SEARCH_PATHS = (
					"$(inherited)",
					"@executable_path/Frameworks",
				);
				MARKETING_VERSION = 1.0;
				PRODUCT_BUNDLE_IDENTIFIER = com.6abriel1chiro.catz;
				PRODUCT_NAME = "$(TARGET_NAME)";
				SWIFT_EMIT_LOC_STRINGS = YES;
				SWIFT_VERSION = 5.0;
				TARGETED_DEVICE_FAMILY = "1,2";
			};
			name = Debug;
		};
		B21FD7A82CEF584A004769E8 /* Release */ = {
			isa = XCBuildConfiguration;
			buildSettings = {
				ASSETCATALOG_COMPILER_APPICON_NAME = AppIcon;
				ASSETCATALOG_COMPILER_GLOBAL_ACCENT_COLOR_NAME = AccentColor;
				CODE_SIGN_STYLE = Automatic;
				CURRENT_PROJECT_VERSION = 1;
				DEVELOPMENT_ASSET_PATHS = "\"catz/Preview Content\"";
				DEVELOPMENT_TEAM = Z32X4BUJ38;
				ENABLE_PREVIEWS = YES;
				GENERATE_INFOPLIST_FILE = YES;
				INFOPLIST_KEY_UIApplicationSceneManifest_Generation = YES;
				INFOPLIST_KEY_UIApplicationSupportsIndirectInputEvents = YES;
				INFOPLIST_KEY_UILaunchScreen_Generation = YES;
				INFOPLIST_KEY_UISupportedInterfaceOrientations_iPad = "UIInterfaceOrientationPortrait UIInterfaceOrientationPortraitUpsideDown UIInterfaceOrientationLandscapeLeft UIInterfaceOrientationLandscapeRight";
				INFOPLIST_KEY_UISupportedInterfaceOrientations_iPhone = "UIInterfaceOrientationPortrait UIInterfaceOrientationLandscapeLeft UIInterfaceOrientationLandscapeRight";
				LD_RUNPATH_SEARCH_PATHS = (
					"$(inherited)",
					"@executable_path/Frameworks",
				);
				MARKETING_VERSION = 1.0;
				PRODUCT_BUNDLE_IDENTIFIER = com.6abriel1chiro.catz;
				PRODUCT_NAME = "$(TARGET_NAME)";
				SWIFT_EMIT_LOC_STRINGS = YES;
				SWIFT_VERSION = 5.0;
				TARGETED_DEVICE_FAMILY = "1,2";
			};
			name = Release;
		};
		B21FD7AA2CEF584A004769E8 /* Debug */ = {
			isa = XCBuildConfiguration;
			buildSettings = {
				BUNDLE_LOADER = "$(TEST_HOST)";
				CODE_SIGN_STYLE = Automatic;
				CURRENT_PROJECT_VERSION = 1;
				DEVELOPMENT_TEAM = Z32X4BUJ38;
				GENERATE_INFOPLIST_FILE = YES;
				IPHONEOS_DEPLOYMENT_TARGET = 18.1;
				MARKETING_VERSION = 1.0;
				PRODUCT_BUNDLE_IDENTIFIER = com.6abriel1chiro.catzTests;
				PRODUCT_NAME = "$(TARGET_NAME)";
				SWIFT_EMIT_LOC_STRINGS = NO;
				SWIFT_VERSION = 5.0;
				TARGETED_DEVICE_FAMILY = "1,2";
				TEST_HOST = "$(BUILT_PRODUCTS_DIR)/catz.app/$(BUNDLE_EXECUTABLE_FOLDER_PATH)/catz";
			};
			name = Debug;
		};
		B21FD7AB2CEF584A004769E8 /* Release */ = {
			isa = XCBuildConfiguration;
			buildSettings = {
				BUNDLE_LOADER = "$(TEST_HOST)";
				CODE_SIGN_STYLE = Automatic;
				CURRENT_PROJECT_VERSION = 1;
				DEVELOPMENT_TEAM = Z32X4BUJ38;
				GENERATE_INFOPLIST_FILE = YES;
				IPHONEOS_DEPLOYMENT_TARGET = 18.1;
				MARKETING_VERSION = 1.0;
				PRODUCT_BUNDLE_IDENTIFIER = com.6abriel1chiro.catzTests;
				PRODUCT_NAME = "$(TARGET_NAME)";
				SWIFT_EMIT_LOC_STRINGS = NO;
				SWIFT_VERSION = 5.0;
				TARGETED_DEVICE_FAMILY = "1,2";
				TEST_HOST = "$(BUILT_PRODUCTS_DIR)/catz.app/$(BUNDLE_EXECUTABLE_FOLDER_PATH)/catz";
			};
			name = Release;
		};
		B21FD7AD2CEF584A004769E8 /* Debug */ = {
			isa = XCBuildConfiguration;
			buildSettings = {
				CODE_SIGN_STYLE = Automatic;
				CURRENT_PROJECT_VERSION = 1;
				DEVELOPMENT_TEAM = Z32X4BUJ38;
				GENERATE_INFOPLIST_FILE = YES;
				MARKETING_VERSION = 1.0;
				PRODUCT_BUNDLE_IDENTIFIER = com.6abriel1chiro.catzUITests;
				PRODUCT_NAME = "$(TARGET_NAME)";
				SWIFT_EMIT_LOC_STRINGS = NO;
				SWIFT_VERSION = 5.0;
				TARGETED_DEVICE_FAMILY = "1,2";
				TEST_TARGET_NAME = catz;
			};
			name = Debug;
		};
		B21FD7AE2CEF584A004769E8 /* Release */ = {
			isa = XCBuildConfiguration;
			buildSettings = {
				CODE_SIGN_STYLE = Automatic;
				CURRENT_PROJECT_VERSION = 1;
				DEVELOPMENT_TEAM = Z32X4BUJ38;
				GENERATE_INFOPLIST_FILE = YES;
				MARKETING_VERSION = 1.0;
				PRODUCT_BUNDLE_IDENTIFIER = com.6abriel1chiro.catzUITests;
				PRODUCT_NAME = "$(TARGET_NAME)";
				SWIFT_EMIT_LOC_STRINGS = NO;
				SWIFT_VERSION = 5.0;
				TARGETED_DEVICE_FAMILY = "1,2";
				TEST_TARGET_NAME = catz;
			};
			name = Release;
		};
/* End XCBuildConfiguration section */

/* Begin XCConfigurationList section */
		B21FD77D2CEF5847004769E8 /* Build configuration list for PBXProject "catz" */ = {
			isa = XCConfigurationList;
			buildConfigurations = (
				B21FD7A42CEF584A004769E8 /* Debug */,
				B21FD7A52CEF584A004769E8 /* Release */,
			);
			defaultConfigurationIsVisible = 0;
			defaultConfigurationName = Release;
		};
		B21FD7A62CEF584A004769E8 /* Build configuration list for PBXNativeTarget "catz" */ = {
			isa = XCConfigurationList;
			buildConfigurations = (
				B21FD7A72CEF584A004769E8 /* Debug */,
				B21FD7A82CEF584A004769E8 /* Release */,
			);
			defaultConfigurationIsVisible = 0;
			defaultConfigurationName = Release;
		};
		B21FD7A92CEF584A004769E8 /* Build configuration list for PBXNativeTarget "catzTests" */ = {
			isa = XCConfigurationList;
			buildConfigurations = (
				B21FD7AA2CEF584A004769E8 /* Debug */,
				B21FD7AB2CEF584A004769E8 /* Release */,
			);
			defaultConfigurationIsVisible = 0;
			defaultConfigurationName = Release;
		};
		B21FD7AC2CEF584A004769E8 /* Build configuration list for PBXNativeTarget "catzUITests" */ = {
			isa = XCConfigurationList;
			buildConfigurations = (
				B21FD7AD2CEF584A004769E8 /* Debug */,
				B21FD7AE2CEF584A004769E8 /* Release */,
			);
			defaultConfigurationIsVisible = 0;
			defaultConfigurationName = Release;
		};
/* End XCConfigurationList section */
	};
	rootObject = B21FD77A2CEF5847004769E8 /* Project object */;
}
